# @generated - this file is auto-generated by `mise lock` https://mise.jdx.dev/dev-tools/mise-lock.html

lockfile_version = 2

[[tools."go:tailscale.com/cmd/tailscale"]]
version = "main"
backend = "go:tailscale.com/cmd/tailscale"
specifiers = ["main"]

[[tools."go:tailscale.com/cmd/tailscaled"]]
version = "main"
backend = "go:tailscale.com/cmd/tailscaled"
specifiers = ["main"]

[[tools."npm:@doist/todoist-cli"]]
version = "5.3.4"
backend = "npm:@doist/todoist-cli"
specifiers = ["latest"]

[[tools.opencode]]
version = "1.18.30"
backend = "aqua:anomalyco/opencode"
specifiers = ["latest"]

[tools.opencode."platforms.linux-arm64"]
checksum = "sha256:4111a55c2a02c0fac314bd51e9a2330280e6d29d2b85b9554fff6d62612566ed"
url = "https://github.com/anomalyco/opencode/releases/download/v1.18.30/opencode-linux-arm64.tar.gz"
url_api = "https://api.github.com/repos/anomalyco/opencode/releases/assets/551875363"

[tools.opencode."platforms.linux-arm64-musl"]
checksum = "sha256:7a4dc1171ca78426a4611f9a1e15c0168dc0408475d24aab32bb51187e1865ad"
url = "https://github.com/anomalyco/opencode/releases/download/v1.18.30/opencode-linux-arm64-musl.tar.gz"
url_api = "https://api.github.com/repos/anomalyco/opencode/releases/assets/551875409"

[tools.opencode."platforms.linux-x64"]
checksum = "sha256:55007246858165496ff85ba1c2b648f7421e8e2013bf4189a680c9ff8e699d17"
url = "https://github.com/anomalyco/opencode/releases/download/v1.18.30/opencode-linux-x64.tar.gz"
url_api = "https://api.github.com/repos/anomalyco/opencode/releases/assets/551875364"

[tools.opencode."platforms.linux-x64-musl"]
checksum = "sha256:a4eb84374d4f262ac46fe8b25c9e193a54a6f40f44bbe155a29c9c6309a34a5e"
url = "https://github.com/anomalyco/opencode/releases/download/v1.18.30/opencode-linux-x64-musl.tar.gz"
url_api = "https://api.github.com/repos/anomalyco/opencode/releases/assets/551875359"

[tools.opencode."platforms.macos-arm64"]
checksum = "sha256:a5e43d6887386efc7d68ce49ae28e3bbdfdee3dfd1d7169b612c3ce67e53b1e8"
url = "https://github.com/anomalyco/opencode/releases/download/v1.18.30/opencode-darwin-arm64.zip"
url_api = "https://api.github.com/repos/anomalyco/opencode/releases/assets/551875293"

[tools.opencode."platforms.macos-x64"]
checksum = "sha256:7453007e58ff122401438d95ccb24334874b5908dcaee77883f96c23395d5710"
url = "https://github.com/anomalyco/opencode/releases/download/v1.18.30/opencode-darwin-x64.zip"
url_api = "https://api.github.com/repos/anomalyco/opencode/releases/assets/551875358"

[tools.opencode."platforms.windows-x64"]
checksum = "sha256:c8c0e0d05ac3dac544a0edfad8de9eb244bf46c6c7a131c38619d40fcf31bd1f"
url = "https://github.com/anomalyco/opencode/releases/download/v1.18.30/opencode-windows-x64.zip"
url_api = "https://api.github.com/repos/anomalyco/opencode/releases/assets/551879073"

[[tools.pi]]
version = "0.85.1"
backend = "aqua:earendil-works/pi"
specifiers = ["latest"]

[tools.pi."platforms.linux-arm64"]
checksum = "sha256:042d20ae885ee4f3b102815f3280b962c377b2e9fb44de4037908cc530eae4d4"
url = "https://github.com/earendil-works/pi/releases/download/v0.85.1/pi-linux-arm64.tar.gz"
url_api = "https://api.github.com/repos/earendil-works/pi/releases/assets/545797549"

[tools.pi."platforms.linux-arm64-musl"]
checksum = "sha256:042d20ae885ee4f3b102815f3280b962c377b2e9fb44de4037908cc530eae4d4"
url = "https://github.com/earendil-works/pi/releases/download/v0.85.1/pi-linux-arm64.tar.gz"
url_api = "https://api.github.com/repos/earendil-works/pi/releases/assets/545797549"

[tools.pi."platforms.linux-x64"]
checksum = "sha256:494e498f47d74d21f40b3386f6a5e921a3d49531a169cab55bbdaca0ea1fe25a"
url = "https://github.com/earendil-works/pi/releases/download/v0.85.1/pi-linux-x64.tar.gz"
url_api = "https://api.github.com/repos/earendil-works/pi/releases/assets/545797547"

[tools.pi."platforms.linux-x64-musl"]
checksum = "sha256:494e498f47d74d21f40b3386f6a5e921a3d49531a169cab55bbdaca0ea1fe25a"
url = "https://github.com/earendil-works/pi/releases/download/v0.85.1/pi-linux-x64.tar.gz"
url_api = "https://api.github.com/repos/earendil-works/pi/releases/assets/545797547"

[tools.pi."platforms.macos-arm64"]
checksum = "sha256:d5f70e3c0cf7398eac239fd0261ee074d98b7ba7f6b43fe3617f052ed5b79d06"
url = "https://github.com/earendil-works/pi/releases/download/v0.85.1/pi-darwin-arm64.tar.gz"
url_api = "https://api.github.com/repos/earendil-works/pi/releases/assets/545797550"

[tools.pi."platforms.macos-x64"]
checksum = "sha256:adb918b845625f184d8bea408d55eacaf21aa87238793c0f5b4f3b9737bce62b"
url = "https://github.com/earendil-works/pi/releases/download/v0.85.1/pi-darwin-x64.tar.gz"
url_api = "https://api.github.com/repos/earendil-works/pi/releases/assets/545797548"

[tools.pi."platforms.windows-x64"]
checksum = "sha256:002fa95b90d521245b9985d8f168caebc237ad56e7e30b319807dee1b2e17e1c"
url = "https://github.com/earendil-works/pi/releases/download/v0.85.1/pi-windows-x64.zip"
url_api = "https://api.github.com/repos/earendil-works/pi/releases/assets/545797560"

[[tools.turso]]
version = "1.0.32"
backend = "aqua:tursodatabase/turso-cli"
specifiers = ["latest"]

[tools.turso."platforms.linux-arm64"]
checksum = "sha256:672f29e8f77b4c30a5f31c04fe0d5636d29fb1bb5be1137c40234bb2e76c2150"
url = "https://github.com/tursodatabase/turso-cli/releases/download/v1.0.32/turso-cli_Linux_arm64.tar.gz"
url_api = "https://api.github.com/repos/tursodatabase/turso-cli/releases/assets/518489486"

[tools.turso."platforms.linux-arm64-musl"]
checksum = "sha256:672f29e8f77b4c30a5f31c04fe0d5636d29fb1bb5be1137c40234bb2e76c2150"
url = "https://github.com/tursodatabase/turso-cli/releases/download/v1.0.32/turso-cli_Linux_arm64.tar.gz"
url_api = "https://api.github.com/repos/tursodatabase/turso-cli/releases/assets/518489486"

[tools.turso."platforms.linux-x64"]
checksum = "sha256:c35acbcad8e2e7a32580fe380adc4658d3032ddc56d25396b9b123aa4a704107"
url = "https://github.com/tursodatabase/turso-cli/releases/download/v1.0.32/turso-cli_Linux_x86_64.tar.gz"
url_api = "https://api.github.com/repos/tursodatabase/turso-cli/releases/assets/518489481"

[tools.turso."platforms.linux-x64-musl"]
checksum = "sha256:c35acbcad8e2e7a32580fe380adc4658d3032ddc56d25396b9b123aa4a704107"
url = "https://github.com/tursodatabase/turso-cli/releases/download/v1.0.32/turso-cli_Linux_x86_64.tar.gz"
url_api = "https://api.github.com/repos/tursodatabase/turso-cli/releases/assets/518489481"

[tools.turso."platforms.macos-arm64"]
checksum = "sha256:f180b794032f29b4ab44ad7451b2be661cd581311119ff5160359d2562d5f2be"
url = "https://github.com/tursodatabase/turso-cli/releases/download/v1.0.32/turso-cli_Darwin_arm64.tar.gz"
url_api = "https://api.github.com/repos/tursodatabase/turso-cli/releases/assets/518489484"

[tools.turso."platforms.macos-x64"]
checksum = "sha256:d6ba8b73d7cafff8b6a318215f19a6933fe3fca6a74960b7c8ad42758eebbd6e"
url = "https://github.com/tursodatabase/turso-cli/releases/download/v1.0.32/turso-cli_Darwin_x86_64.tar.gz"
url_api = "https://api.github.com/repos/tursodatabase/turso-cli/releases/assets/518489482"
